Microsoft Visual Studio Solution File, Format Version 12.00
# Visual Studio Version 17
VisualStudioVersion = 17.5.2.0
MinimumVisualStudioVersion = 10.0.40219.1
Project("{FAE04EC0-301F-11D3-BF4B-00C04F79EFBC}") = "AI.Copilot.Scaffolding", "AI.Copilot.Scaffolding\AI.Copilot.Scaffolding.csproj", "{2C84C853-85B9-AFC4-4A7B-34C4B633B9FA}"
EndProject
Global
	GlobalSection(SolutionConfigurationPlatforms) = preSolution
		Debug|Any CPU = Debug|Any CPU
		Release|Any CPU = Release|Any CPU
	EndGlobalSection
	GlobalSection(ProjectConfigurationPlatforms) = postSolution
		{2C84C853-85B9-AFC4-4A7B-34C4B633B9FA}.Debug|Any CPU.ActiveCfg = Debug|Any CPU
		{2C84C853-85B9-AFC4-4A7B-34C4B633B9FA}.Debug|Any CPU.Build.0 = Debug|Any CPU
		{2C84C853-85B9-AFC4-4A7B-34C4B633B9FA}.Release|Any CPU.ActiveCfg = Release|Any CPU
		{2C84C853-85B9-AFC4-4A7B-34C4B633B9FA}.Release|Any CPU.Build.0 = Release|Any CPU
	EndGlobalSection
	GlobalSection(SolutionProperties) = preSolution
		HideSolutionNode = FALSE
	EndGlobalSection
	GlobalSection(ExtensibilityGlobals) = postSolution
		SolutionGuid = {AB124D26-47CB-4D5B-A105-73ABC5F16F5B}
	EndGlobalSection
EndGlobal
